{
  "name": "source",
  "version": "1.0.0",
  "lockfileVersion": 3,
  "requires": true,
  "packages": {
    "": {
      "name": "source",
      "version": "1.0.0",
      "license": "ISC",
      "dependencies": {
        "acorn-loose": "^8.4.0",
        "fs": "^0.0.1-security",
        "meriyah": "^4.3.7"
      }
    },
    "node_modules/acorn": {
      "version": "8.11.3",
      "resolved": "https://registry.npmjs.org/acorn/-/acorn-8.11.3.tgz",
      "integrity": "sha512-Y9rRfJG5jcKOE0CLisYbojUjIrIEE7AGMzA/Sm4BslANhbS+cDMpgBdcPT91oJ7OuJ9hYJBx59RjbhxVnrF8Xg==",
      "bin": {
        "acorn": "bin/acorn"
      },
      "engines": {
        "node": ">=0.4.0"
      }
    },
    "node_modules/acorn-loose": {
      "version": "8.4.0",
      "resolved": "https://registry.npmjs.org/acorn-loose/-/acorn-loose-8.4.0.tgz",
      "integrity": "sha512-M0EUka6rb+QC4l9Z3T0nJEzNOO7JcoJlYMrBlyBCiFSXRyxjLKayd4TbQs2FDRWQU1h9FR7QVNHt+PEaoNL5rQ==",
      "dependencies": {
        "acorn": "^8.11.0"
      },
      "engines": {
        "node": ">=0.4.0"
      }
    },
    "node_modules/fs": {
      "version": "0.0.1-security",
      "resolved": "https://registry.npmjs.org/fs/-/fs-0.0.1-security.tgz",
      "integrity": "sha512-3XY9e1pP0CVEUCdj5BmfIZxRBTSDycnbqhIOGec9QYtmVH2fbLpj86CFWkrNOkt/Fvty4KZG5lTglL9j/gJ87w=="
    },
    "node_modules/meriyah": {
      "version": "4.3.7",
      "resolved": "https://registry.npmjs.org/meriyah/-/meriyah-4.3.7.tgz",
      "integrity": "sha512-JAlSOUqFU/rmLy2CEdZO5hN5E5dyUj1f4AlRR4GCQMjfobvd5lcm9JLkrqq0MgVaLQ/Zur590A+0RyUZhj0b5A==",
      "engines": {
        "node": ">=10.4.0"
      }
    }
  }
}
